
Microsoft Visual Studio Solution File, Format Version 12.00
# Visual Studio Version 16
VisualStudioVersion = 16.0.28917.181
MinimumVisualStudioVersion = 10.0.40219.1
Project("{FAE04EC0-301F-11D3-BF4B-00C04F79EFBC}") = "API", "API\API.csproj", "{A5D5D92B-2A3D-49EB-86D2-BC0FCC0A9967}"
EndProject
Global
	GlobalSection(SolutionConfigurationPlatforms) = preSolution
		Debug|Any CPU = Debug|Any CPU
		Release|Any CPU = Release|Any CPU
	EndGlobalSection
	GlobalSection(ProjectConfigurationPlatforms) = postSolution
		{A5D5D92B-2A3D-49EB-86D2-BC0FCC0A9967}.Debug|Any CPU.ActiveCfg = Debug|Any CPU
		{A5D5D92B-2A3D-49EB-86D2-BC0FCC0A9967}.Debug|Any CPU.Build.0 = Debug|Any CPU
		{A5D5D92B-2A3D-49EB-86D2-BC0FCC0A9967}.Release|Any CPU.ActiveCfg = Release|Any CPU
		{A5D5D92B-2A3D-49EB-86D2-BC0FCC0A9967}.Release|Any CPU.Build.0 = Release|Any CPU
	EndGlobalSection
	GlobalSection(SolutionProperties) = preSolution
		HideSolutionNode = FALSE
	EndGlobalSection
	GlobalSection(ExtensibilityGlobals) = postSolution
		SolutionGuid = {8FADB1B9-A874-4A4B-A470-F70E36D7A310}
	EndGlobalSection
EndGlobal
